
Microsoft Visual Studio Solution File, Format Version 12.00
# Visual Studio Version 17
VisualStudioVersion = 17.0.31903.59
MinimumVisualStudioVersion = 10.0.40219.1
Project("{2150E333-8FDC-42A3-9474-1A3956D46DE8}") = "src", "src", "{827E0CD3-B72D-47B6-A68D-7590B98EB39B}"
EndProject
Project("{2150E333-8FDC-42A3-9474-1A3956D46DE8}") = "BuildingBlocks", "BuildingBlocks", "{90298CBA-BD6F-3A0A-69D5-97CAD7B05E7E}"
EndProject
Project("{FAE04EC0-301F-11D3-BF4B-00C04F79EFBC}") = "BuildingBlocks.Domain", "src\BuildingBlocks\BuildingBlocks.Domain\BuildingBlocks.Domain.csproj", "{4F015E76-E4AC-4924-AC66-64E766DEEB8D}"
EndProject
Project("{FAE04EC0-301F-11D3-BF4B-00C04F79EFBC}") = "BuildingBlocks.Application", "src\BuildingBlocks\BuildingBlocks.Application\BuildingBlocks.Application.csproj", "{917835C4-64DD-42BD-87AF-EC0C63FFA233}"
EndProject
Project("{FAE04EC0-301F-11D3-BF4B-00C04F79EFBC}") = "BuildingBlocks.Infrastructure", "src\BuildingBlocks\BuildingBlocks.Infrastructure\BuildingBlocks.Infrastructure.csproj", "{73567BB7-B994-4B7B-9F29-D6188CD79A71}"
EndProject
Project("{2150E333-8FDC-42A3-9474-1A3956D46DE8}") = "Identity", "Identity", "{65ABFB5D-2B10-DF64-BF12-C17976F8E5D9}"
EndProject
Project("{FAE04EC0-301F-11D3-BF4B-00C04F79EFBC}") = "Identity.Domain", "src\Identity\Identity.Domain\Identity.Domain.csproj", "{D74DA321-04CC-44DB-A378-323FAB62247A}"
EndProject
Project("{FAE04EC0-301F-11D3-BF4B-00C04F79EFBC}") = "Identity.Application", "src\Identity\Identity.Application\Identity.Application.csproj", "{85475AEC-164C-4A74-B615-54528435DFC8}"
EndProject
Project("{FAE04EC0-301F-11D3-BF4B-00C04F79EFBC}") = "Identity.Infrastructure", "src\Identity\Identity.Infrastructure\Identity.Infrastructure.csproj", "{33BE0545-91C6-4FC1-9970-27B16A0B88C0}"
EndProject
Project("{2150E333-8FDC-42A3-9474-1A3956D46DE8}") = "CustomersAssets", "CustomersAssets", "{6AE3EF2E-BA4C-9BCC-9CE4-B5D2E0ECCE49}"
EndProject
Project("{FAE04EC0-301F-11D3-BF4B-00C04F79EFBC}") = "CustomersAssets.Domain", "src\CustomersAssets\CustomersAssets.Domain\CustomersAssets.Domain.csproj", "{B14B1FE0-1DB6-42F4-B101-9332C010BC81}"
EndProject
Project("{FAE04EC0-301F-11D3-BF4B-00C04F79EFBC}") = "CustomersAssets.Application", "src\CustomersAssets\CustomersAssets.Application\CustomersAssets.Application.csproj", "{6217A216-BDF0-47C8-A42E-2AB0A750CEC3}"
EndProject
Project("{FAE04EC0-301F-11D3-BF4B-00C04F79EFBC}") = "CustomersAssets.Infrastructure", "src\CustomersAssets\CustomersAssets.Infrastructure\CustomersAssets.Infrastructure.csproj", "{097FDE6B-013D-4B6E-870A-8845A816BC66}"
EndProject
Project("{2150E333-8FDC-42A3-9474-1A3956D46DE8}") = "Ticketing", "Ticketing", "{EE8B2D90-EC7A-48E2-105A-D867B637D563}"
EndProject
Project("{FAE04EC0-301F-11D3-BF4B-00C04F79EFBC}") = "Ticketing.Domain", "src\Ticketing\Ticketing.Domain\Ticketing.Domain.csproj", "{FD37D50D-4C66-4067-9BEE-C8AE7C962AC5}"
EndProject
Project("{FAE04EC0-301F-11D3-BF4B-00C04F79EFBC}") = "Ticketing.Application", "src\Ticketing\Ticketing.Application\Ticketing.Application.csproj", "{00CAB354-9B92-4BDD-9696-3E79D81F5525}"
EndProject
Project("{FAE04EC0-301F-11D3-BF4B-00C04F79EFBC}") = "Ticketing.Infrastructure", "src\Ticketing\Ticketing.Infrastructure\Ticketing.Infrastructure.csproj", "{914594BA-43D1-4616-907E-8119A02BBC3E}"
EndProject
Project("{2150E333-8FDC-42A3-9474-1A3956D46DE8}") = "Scheduling", "Scheduling", "{9BA257B0-EFF7-2328-85A8-2BE071D74F32}"
EndProject
Project("{FAE04EC0-301F-11D3-BF4B-00C04F79EFBC}") = "Scheduling.Domain", "src\Scheduling\Scheduling.Domain\Scheduling.Domain.csproj", "{749E43F4-C4C9-41EB-ACAF-462FA41BECDB}"
EndProject
Project("{FAE04EC0-301F-11D3-BF4B-00C04F79EFBC}") = "Scheduling.Application", "src\Scheduling\Scheduling.Application\Scheduling.Application.csproj", "{D395E7A4-9707-46E4-B6EA-D6DDAFF95BA6}"
EndProject
Project("{FAE04EC0-301F-11D3-BF4B-00C04F79EFBC}") = "Scheduling.Infrastructure", "src\Scheduling\Scheduling.Infrastructure\Scheduling.Infrastructure.csproj", "{B0AC36C1-24B6-4142-BB67-61E7CFCD0616}"
EndProject
Project("{2150E333-8FDC-42A3-9474-1A3956D46DE8}") = "Workforce", "Workforce", "{08D2AA2C-67C4-0E92-8C3F-1D6D7EC29C16}"
EndProject
Project("{FAE04EC0-301F-11D3-BF4B-00C04F79EFBC}") = "Workforce.Domain", "src\Workforce\Workforce.Domain\Workforce.Domain.csproj", "{1081B801-5A64-4D95-A732-F25BA8CB215B}"
EndProject
Project("{FAE04EC0-301F-11D3-BF4B-00C04F79EFBC}") = "Workforce.Application", "src\Workforce\Workforce.Application\Workforce.Application.csproj", "{7F23B255-608B-47B6-83ED-2519B0F971A5}"
EndProject
Project("{FAE04EC0-301F-11D3-BF4B-00C04F79EFBC}") = "Workforce.Infrastructure", "src\Workforce\Workforce.Infrastructure\Workforce.Infrastructure.csproj", "{91EE72A3-71F3-48DA-80FF-BEE67A130DF5}"
EndProject
Project("{2150E333-8FDC-42A3-9474-1A3956D46DE8}") = "BillingLite", "BillingLite", "{64B36024-F4BD-5019-B428-84E6D35FDFCE}"
EndProject
Project("{FAE04EC0-301F-11D3-BF4B-00C04F79EFBC}") = "BillingLite.Domain", "src\BillingLite\BillingLite.Domain\BillingLite.Domain.csproj", "{1C0661A1-1254-4D82-967B-38D49CBDB64B}"
EndProject
Project("{FAE04EC0-301F-11D3-BF4B-00C04F79EFBC}") = "BillingLite.Application", "src\BillingLite\BillingLite.Application\BillingLite.Application.csproj", "{D2E12CAD-1DD4-4DBF-A931-0D64AE2929DE}"
EndProject
Project("{FAE04EC0-301F-11D3-BF4B-00C04F79EFBC}") = "BillingLite.Infrastructure", "src\BillingLite\BillingLite.Infrastructure\BillingLite.Infrastructure.csproj", "{3020DCDD-BEB6-463A-8517-5BFAC63CAAD4}"
EndProject
Project("{2150E333-8FDC-42A3-9474-1A3956D46DE8}") = "Reporting", "Reporting", "{BDB3C49B-C3C4-2D01-5C80-5982E11ACF2B}"
EndProject
Project("{FAE04EC0-301F-11D3-BF4B-00C04F79EFBC}") = "Reporting.Domain", "src\Reporting\Reporting.Domain\Reporting.Domain.csproj", "{165A013E-B047-4653-927C-9032D83408AA}"
EndProject
Project("{FAE04EC0-301F-11D3-BF4B-00C04F79EFBC}") = "Reporting.Infrastructure", "src\Reporting\Reporting.Infrastructure\Reporting.Infrastructure.csproj", "{BA569E38-6407-420B-B1AB-4C93E0A3FADD}"
EndProject
Project("{2150E333-8FDC-42A3-9474-1A3956D46DE8}") = "Realtime", "Realtime", "{8A7AE5EB-F441-8BF0-192B-8DD8284C2972}"
EndProject
Project("{FAE04EC0-301F-11D3-BF4B-00C04F79EFBC}") = "Realtime.Application", "src\Realtime\Realtime.Application\Realtime.Application.csproj", "{084A6537-ABDC-48F9-B4F5-4CF01E9EE147}"
EndProject
Project("{FAE04EC0-301F-11D3-BF4B-00C04F79EFBC}") = "Realtime.Infrastructure", "src\Realtime\Realtime.Infrastructure\Realtime.Infrastructure.csproj", "{8ABEBE97-3219-438F-8BFF-66B81542C6F3}"
EndProject
Project("{2150E333-8FDC-42A3-9474-1A3956D46DE8}") = "SaaS.Billing", "SaaS.Billing", "{EB1DA848-CC3C-5765-C5A5-15FFE3AF33C8}"
EndProject
Project("{FAE04EC0-301F-11D3-BF4B-00C04F79EFBC}") = "SaasBilling.Domain", "src\SaaS.Billing\SaasBilling.Domain\SaasBilling.Domain.csproj", "{BEB2E456-FA72-4264-A844-F2B9927BC770}"
EndProject
Project("{FAE04EC0-301F-11D3-BF4B-00C04F79EFBC}") = "SaasBilling.Application", "src\SaaS.Billing\SaasBilling.Application\SaasBilling.Application.csproj", "{7D4B70FF-B299-4BB4-A049-51F71AD47ED9}"
EndProject
Project("{FAE04EC0-301F-11D3-BF4B-00C04F79EFBC}") = "SaasBilling.Infrastructure", "src\SaaS.Billing\SaasBilling.Infrastructure\SaasBilling.Infrastructure.csproj", "{A320A1CC-3295-4251-9289-573CC0D37E1B}"
EndProject
Project("{2150E333-8FDC-42A3-9474-1A3956D46DE8}") = "Api", "Api", "{81034408-37C8-1011-444E-4C15C2FADA8E}"
EndProject
Project("{FAE04EC0-301F-11D3-BF4B-00C04F79EFBC}") = "ServiceHost.Api", "src\Api\ServiceHost.Api\ServiceHost.Api.csproj", "{7F1AF226-5E5C-47C3-9F88-DC4C5D1D4B60}"
EndProject
Global
	GlobalSection(SolutionConfigurationPlatforms) = preSolution
		Debug|Any CPU = Debug|Any CPU
		Debug|x64 = Debug|x64
		Debug|x86 = Debug|x86
		Release|Any CPU = Release|Any CPU
		Release|x64 = Release|x64
		Release|x86 = Release|x86
	EndGlobalSection
	GlobalSection(ProjectConfigurationPlatforms) = postSolution
		{4F015E76-E4AC-4924-AC66-64E766DEEB8D}.Debug|Any CPU.ActiveCfg = Debug|Any CPU
		{4F015E76-E4AC-4924-AC66-64E766DEEB8D}.Debug|Any CPU.Build.0 = Debug|Any CPU
		{4F015E76-E4AC-4924-AC66-64E766DEEB8D}.Debug|x64.ActiveCfg = Debug|Any CPU
		{4F015E76-E4AC-4924-AC66-64E766DEEB8D}.Debug|x64.Build.0 = Debug|Any CPU
		{4F015E76-E4AC-4924-AC66-64E766DEEB8D}.Debug|x86.ActiveCfg = Debug|Any CPU
		{4F015E76-E4AC-4924-AC66-64E766DEEB8D}.Debug|x86.Build.0 = Debug|Any CPU
		{4F015E76-E4AC-4924-AC66-64E766DEEB8D}.Release|Any CPU.ActiveCfg = Release|Any CPU
		{4F015E76-E4AC-4924-AC66-64E766DEEB8D}.Release|Any CPU.Build.0 = Release|Any CPU
		{4F015E76-E4AC-4924-AC66-64E766DEEB8D}.Release|x64.ActiveCfg = Release|Any CPU
		{4F015E76-E4AC-4924-AC66-64E766DEEB8D}.Release|x64.Build.0 = Release|Any CPU
		{4F015E76-E4AC-4924-AC66-64E766DEEB8D}.Release|x86.ActiveCfg = Release|Any CPU
		{4F015E76-E4AC-4924-AC66-64E766DEEB8D}.Release|x86.Build.0 = Release|Any CPU
		{917835C4-64DD-42BD-87AF-EC0C63FFA233}.Debug|Any CPU.ActiveCfg = Debug|Any CPU
		{917835C4-64DD-42BD-87AF-EC0C63FFA233}.Debug|Any CPU.Build.0 = Debug|Any CPU
		{917835C4-64DD-42BD-87AF-EC0C63FFA233}.Debug|x64.ActiveCfg = Debug|Any CPU
		{917835C4-64DD-42BD-87AF-EC0C63FFA233}.Debug|x64.Build.0 = Debug|Any CPU
		{917835C4-64DD-42BD-87AF-EC0C63FFA233}.Debug|x86.ActiveCfg = Debug|Any CPU
		{917835C4-64DD-42BD-87AF-EC0C63FFA233}.Debug|x86.Build.0 = Debug|Any CPU
		{917835C4-64DD-42BD-87AF-EC0C63FFA233}.Release|Any CPU.ActiveCfg = Release|Any CPU
		{917835C4-64DD-42BD-87AF-EC0C63FFA233}.Release|Any CPU.Build.0 = Release|Any CPU
		{917835C4-64DD-42BD-87AF-EC0C63FFA233}.Release|x64.ActiveCfg = Release|Any CPU
		{917835C4-64DD-42BD-87AF-EC0C63FFA233}.Release|x64.Build.0 = Release|Any CPU
		{917835C4-64DD-42BD-87AF-EC0C63FFA233}.Release|x86.ActiveCfg = Release|Any CPU
		{917835C4-64DD-42BD-87AF-EC0C63FFA233}.Release|x86.Build.0 = Release|Any CPU
		{73567BB7-B994-4B7B-9F29-D6188CD79A71}.Debug|Any CPU.ActiveCfg = Debug|Any CPU
		{73567BB7-B994-4B7B-9F29-D6188CD79A71}.Debug|Any CPU.Build.0 = Debug|Any CPU
		{73567BB7-B994-4B7B-9F29-D6188CD79A71}.Debug|x64.ActiveCfg = Debug|Any CPU
		{73567BB7-B994-4B7B-9F29-D6188CD79A71}.Debug|x64.Build.0 = Debug|Any CPU
		{73567BB7-B994-4B7B-9F29-D6188CD79A71}.Debug|x86.ActiveCfg = Debug|Any CPU
		{73567BB7-B994-4B7B-9F29-D6188CD79A71}.Debug|x86.Build.0 = Debug|Any CPU
		{73567BB7-B994-4B7B-9F29-D6188CD79A71}.Release|Any CPU.ActiveCfg = Release|Any CPU
		{73567BB7-B994-4B7B-9F29-D6188CD79A71}.Release|Any CPU.Build.0 = Release|Any CPU
		{73567BB7-B994-4B7B-9F29-D6188CD79A71}.Release|x64.ActiveCfg = Release|Any CPU
		{73567BB7-B994-4B7B-9F29-D6188CD79A71}.Release|x64.Build.0 = Release|Any CPU
		{73567BB7-B994-4B7B-9F29-D6188CD79A71}.Release|x86.ActiveCfg = Release|Any CPU
		{73567BB7-B994-4B7B-9F29-D6188CD79A71}.Release|x86.Build.0 = Release|Any CPU
		{D74DA321-04CC-44DB-A378-323FAB62247A}.Debug|Any CPU.ActiveCfg = Debug|Any CPU
		{D74DA321-04CC-44DB-A378-323FAB62247A}.Debug|Any CPU.Build.0 = Debug|Any CPU
		{D74DA321-04CC-44DB-A378-323FAB62247A}.Debug|x64.ActiveCfg = Debug|Any CPU
		{D74DA321-04CC-44DB-A378-323FAB62247A}.Debug|x64.Build.0 = Debug|Any CPU
		{D74DA321-04CC-44DB-A378-323FAB62247A}.Debug|x86.ActiveCfg = Debug|Any CPU
		{D74DA321-04CC-44DB-A378-323FAB62247A}.Debug|x86.Build.0 = Debug|Any CPU
		{D74DA321-04CC-44DB-A378-323FAB62247A}.Release|Any CPU.ActiveCfg = Release|Any CPU
		{D74DA321-04CC-44DB-A378-323FAB62247A}.Release|Any CPU.Build.0 = Release|Any CPU
		{D74DA321-04CC-44DB-A378-323FAB62247A}.Release|x64.ActiveCfg = Release|Any CPU
		{D74DA321-04CC-44DB-A378-323FAB62247A}.Release|x64.Build.0 = Release|Any CPU
		{D74DA321-04CC-44DB-A378-323FAB62247A}.Release|x86.ActiveCfg = Release|Any CPU
		{D74DA321-04CC-44DB-A378-323FAB62247A}.Release|x86.Build.0 = Release|Any CPU
		{85475AEC-164C-4A74-B615-54528435DFC8}.Debug|Any CPU.ActiveCfg = Debug|Any CPU
		{85475AEC-164C-4A74-B615-54528435DFC8}.Debug|Any CPU.Build.0 = Debug|Any CPU
		{85475AEC-164C-4A74-B615-54528435DFC8}.Debug|x64.ActiveCfg = Debug|Any CPU
		{85475AEC-164C-4A74-B615-54528435DFC8}.Debug|x64.Build.0 = Debug|Any CPU
		{85475AEC-164C-4A74-B615-54528435DFC8}.Debug|x86.ActiveCfg = Debug|Any CPU
		{85475AEC-164C-4A74-B615-54528435DFC8}.Debug|x86.Build.0 = Debug|Any CPU
		{85475AEC-164C-4A74-B615-54528435DFC8}.Release|Any CPU.ActiveCfg = Release|Any CPU
		{85475AEC-164C-4A74-B615-54528435DFC8}.Release|Any CPU.Build.0 = Release|Any CPU
		{85475AEC-164C-4A74-B615-54528435DFC8}.Release|x64.ActiveCfg = Release|Any CPU
		{85475AEC-164C-4A74-B615-54528435DFC8}.Release|x64.Build.0 = Release|Any CPU
		{85475AEC-164C-4A74-B615-54528435DFC8}.Release|x86.ActiveCfg = Release|Any CPU
		{85475AEC-164C-4A74-B615-54528435DFC8}.Release|x86.Build.0 = Release|Any CPU
		{33BE0545-91C6-4FC1-9970-27B16A0B88C0}.Debug|Any CPU.ActiveCfg = Debug|Any CPU
		{33BE0545-91C6-4FC1-9970-27B16A0B88C0}.Debug|Any CPU.Build.0 = Debug|Any CPU
		{33BE0545-91C6-4FC1-9970-27B16A0B88C0}.Debug|x64.ActiveCfg = Debug|Any CPU
		{33BE0545-91C6-4FC1-9970-27B16A0B88C0}.Debug|x64.Build.0 = Debug|Any CPU
		{33BE0545-91C6-4FC1-9970-27B16A0B88C0}.Debug|x86.ActiveCfg = Debug|Any CPU
		{33BE0545-91C6-4FC1-9970-27B16A0B88C0}.Debug|x86.Build.0 = Debug|Any CPU
		{33BE0545-91C6-4FC1-9970-27B16A0B88C0}.Release|Any CPU.ActiveCfg = Release|Any CPU
		{33BE0545-91C6-4FC1-9970-27B16A0B88C0}.Release|Any CPU.Build.0 = Release|Any CPU
		{33BE0545-91C6-4FC1-9970-27B16A0B88C0}.Release|x64.ActiveCfg = Release|Any CPU
		{33BE0545-91C6-4FC1-9970-27B16A0B88C0}.Release|x64.Build.0 = Release|Any CPU
		{33BE0545-91C6-4FC1-9970-27B16A0B88C0}.Release|x86.ActiveCfg = Release|Any CPU
		{33BE0545-91C6-4FC1-9970-27B16A0B88C0}.Release|x86.Build.0 = Release|Any CPU
		{B14B1FE0-1DB6-42F4-B101-9332C010BC81}.Debug|Any CPU.ActiveCfg = Debug|Any CPU
		{B14B1FE0-1DB6-42F4-B101-9332C010BC81}.Debug|Any CPU.Build.0 = Debug|Any CPU
		{B14B1FE0-1DB6-42F4-B101-9332C010BC81}.Debug|x64.ActiveCfg = Debug|Any CPU
		{B14B1FE0-1DB6-42F4-B101-9332C010BC81}.Debug|x64.Build.0 = Debug|Any CPU
		{B14B1FE0-1DB6-42F4-B101-9332C010BC81}.Debug|x86.ActiveCfg = Debug|Any CPU
		{B14B1FE0-1DB6-42F4-B101-9332C010BC81}.Debug|x86.Build.0 = Debug|Any CPU
		{B14B1FE0-1DB6-42F4-B101-9332C010BC81}.Release|Any CPU.ActiveCfg = Release|Any CPU
		{B14B1FE0-1DB6-42F4-B101-9332C010BC81}.Release|Any CPU.Build.0 = Release|Any CPU
		{B14B1FE0-1DB6-42F4-B101-9332C010BC81}.Release|x64.ActiveCfg = Release|Any CPU
		{B14B1FE0-1DB6-42F4-B101-9332C010BC81}.Release|x64.Build.0 = Release|Any CPU
		{B14B1FE0-1DB6-42F4-B101-9332C010BC81}.Release|x86.ActiveCfg = Release|Any CPU
		{B14B1FE0-1DB6-42F4-B101-9332C010BC81}.Release|x86.Build.0 = Release|Any CPU
		{6217A216-BDF0-47C8-A42E-2AB0A750CEC3}.Debug|Any CPU.ActiveCfg = Debug|Any CPU
		{6217A216-BDF0-47C8-A42E-2AB0A750CEC3}.Debug|Any CPU.Build.0 = Debug|Any CPU
		{6217A216-BDF0-47C8-A42E-2AB0A750CEC3}.Debug|x64.ActiveCfg = Debug|Any CPU
		{6217A216-BDF0-47C8-A42E-2AB0A750CEC3}.Debug|x64.Build.0 = Debug|Any CPU
		{6217A216-BDF0-47C8-A42E-2AB0A750CEC3}.Debug|x86.ActiveCfg = Debug|Any CPU
		{6217A216-BDF0-47C8-A42E-2AB0A750CEC3}.Debug|x86.Build.0 = Debug|Any CPU
		{6217A216-BDF0-47C8-A42E-2AB0A750CEC3}.Release|Any CPU.ActiveCfg = Release|Any CPU
		{6217A216-BDF0-47C8-A42E-2AB0A750CEC3}.Release|Any CPU.Build.0 = Release|Any CPU
		{6217A216-BDF0-47C8-A42E-2AB0A750CEC3}.Release|x64.ActiveCfg = Release|Any CPU
		{6217A216-BDF0-47C8-A42E-2AB0A750CEC3}.Release|x64.Build.0 = Release|Any CPU
		{6217A216-BDF0-47C8-A42E-2AB0A750CEC3}.Release|x86.ActiveCfg = Release|Any CPU
		{6217A216-BDF0-47C8-A42E-2AB0A750CEC3}.Release|x86.Build.0 = Release|Any CPU
		{097FDE6B-013D-4B6E-870A-8845A816BC66}.Debug|Any CPU.ActiveCfg = Debug|Any CPU
		{097FDE6B-013D-4B6E-870A-8845A816BC66}.Debug|Any CPU.Build.0 = Debug|Any CPU
		{097FDE6B-013D-4B6E-870A-8845A816BC66}.Debug|x64.ActiveCfg = Debug|Any CPU
		{097FDE6B-013D-4B6E-870A-8845A816BC66}.Debug|x64.Build.0 = Debug|Any CPU
		{097FDE6B-013D-4B6E-870A-8845A816BC66}.Debug|x86.ActiveCfg = Debug|Any CPU
		{097FDE6B-013D-4B6E-870A-8845A816BC66}.Debug|x86.Build.0 = Debug|Any CPU
		{097FDE6B-013D-4B6E-870A-8845A816BC66}.Release|Any CPU.ActiveCfg = Release|Any CPU
		{097FDE6B-013D-4B6E-870A-8845A816BC66}.Release|Any CPU.Build.0 = Release|Any CPU
		{097FDE6B-013D-4B6E-870A-8845A816BC66}.Release|x64.ActiveCfg = Release|Any CPU
		{097FDE6B-013D-4B6E-870A-8845A816BC66}.Release|x64.Build.0 = Release|Any CPU
		{097FDE6B-013D-4B6E-870A-8845A816BC66}.Release|x86.ActiveCfg = Release|Any CPU
		{097FDE6B-013D-4B6E-870A-8845A816BC66}.Release|x86.Build.0 = Release|Any CPU
		{FD37D50D-4C66-4067-9BEE-C8AE7C962AC5}.Debug|Any CPU.ActiveCfg = Debug|Any CPU
		{FD37D50D-4C66-4067-9BEE-C8AE7C962AC5}.Debug|Any CPU.Build.0 = Debug|Any CPU
		{FD37D50D-4C66-4067-9BEE-C8AE7C962AC5}.Debug|x64.ActiveCfg = Debug|Any CPU
		{FD37D50D-4C66-4067-9BEE-C8AE7C962AC5}.Debug|x64.Build.0 = Debug|Any CPU
		{FD37D50D-4C66-4067-9BEE-C8AE7C962AC5}.Debug|x86.ActiveCfg = Debug|Any CPU
		{FD37D50D-4C66-4067-9BEE-C8AE7C962AC5}.Debug|x86.Build.0 = Debug|Any CPU
		{FD37D50D-4C66-4067-9BEE-C8AE7C962AC5}.Release|Any CPU.ActiveCfg = Release|Any CPU
		{FD37D50D-4C66-4067-9BEE-C8AE7C962AC5}.Release|Any CPU.Build.0 = Release|Any CPU
		{FD37D50D-4C66-4067-9BEE-C8AE7C962AC5}.Release|x64.ActiveCfg = Release|Any CPU
		{FD37D50D-4C66-4067-9BEE-C8AE7C962AC5}.Release|x64.Build.0 = Release|Any CPU
		{FD37D50D-4C66-4067-9BEE-C8AE7C962AC5}.Release|x86.ActiveCfg = Release|Any CPU
		{FD37D50D-4C66-4067-9BEE-C8AE7C962AC5}.Release|x86.Build.0 = Release|Any CPU
		{00CAB354-9B92-4BDD-9696-3E79D81F5525}.Debug|Any CPU.ActiveCfg = Debug|Any CPU
		{00CAB354-9B92-4BDD-9696-3E79D81F5525}.Debug|Any CPU.Build.0 = Debug|Any CPU
		{00CAB354-9B92-4BDD-9696-3E79D81F5525}.Debug|x64.ActiveCfg = Debug|Any CPU
		{00CAB354-9B92-4BDD-9696-3E79D81F5525}.Debug|x64.Build.0 = Debug|Any CPU
		{00CAB354-9B92-4BDD-9696-3E79D81F5525}.Debug|x86.ActiveCfg = Debug|Any CPU
		{00CAB354-9B92-4BDD-9696-3E79D81F5525}.Debug|x86.Build.0 = Debug|Any CPU
		{00CAB354-9B92-4BDD-9696-3E79D81F5525}.Release|Any CPU.ActiveCfg = Release|Any CPU
		{00CAB354-9B92-4BDD-9696-3E79D81F5525}.Release|Any CPU.Build.0 = Release|Any CPU
		{00CAB354-9B92-4BDD-9696-3E79D81F5525}.Release|x64.ActiveCfg = Release|Any CPU
		{00CAB354-9B92-4BDD-9696-3E79D81F5525}.Release|x64.Build.0 = Release|Any CPU
		{00CAB354-9B92-4BDD-9696-3E79D81F5525}.Release|x86.ActiveCfg = Release|Any CPU
		{00CAB354-9B92-4BDD-9696-3E79D81F5525}.Release|x86.Build.0 = Release|Any CPU
		{914594BA-43D1-4616-907E-8119A02BBC3E}.Debug|Any CPU.ActiveCfg = Debug|Any CPU
		{914594BA-43D1-4616-907E-8119A02BBC3E}.Debug|Any CPU.Build.0 = Debug|Any CPU
		{914594BA-43D1-4616-907E-8119A02BBC3E}.Debug|x64.ActiveCfg = Debug|Any CPU
		{914594BA-43D1-4616-907E-8119A02BBC3E}.Debug|x64.Build.0 = Debug|Any CPU
		{914594BA-43D1-4616-907E-8119A02BBC3E}.Debug|x86.ActiveCfg = Debug|Any CPU
		{914594BA-43D1-4616-907E-8119A02BBC3E}.Debug|x86.Build.0 = Debug|Any CPU
		{914594BA-43D1-4616-907E-8119A02BBC3E}.Release|Any CPU.ActiveCfg = Release|Any CPU
		{914594BA-43D1-4616-907E-8119A02BBC3E}.Release|Any CPU.Build.0 = Release|Any CPU
		{914594BA-43D1-4616-907E-8119A02BBC3E}.Release|x64.ActiveCfg = Release|Any CPU
		{914594BA-43D1-4616-907E-8119A02BBC3E}.Release|x64.Build.0 = Release|Any CPU
		{914594BA-43D1-4616-907E-8119A02BBC3E}.Release|x86.ActiveCfg = Release|Any CPU
		{914594BA-43D1-4616-907E-8119A02BBC3E}.Release|x86.Build.0 = Release|Any CPU
		{749E43F4-C4C9-41EB-ACAF-462FA41BECDB}.Debug|Any CPU.ActiveCfg = Debug|Any CPU
		{749E43F4-C4C9-41EB-ACAF-462FA41BECDB}.Debug|Any CPU.Build.0 = Debug|Any CPU
		{749E43F4-C4C9-41EB-ACAF-462FA41BECDB}.Debug|x64.ActiveCfg = Debug|Any CPU
		{749E43F4-C4C9-41EB-ACAF-462FA41BECDB}.Debug|x64.Build.0 = Debug|Any CPU
		{749E43F4-C4C9-41EB-ACAF-462FA41BECDB}.Debug|x86.ActiveCfg = Debug|Any CPU
		{749E43F4-C4C9-41EB-ACAF-462FA41BECDB}.Debug|x86.Build.0 = Debug|Any CPU
		{749E43F4-C4C9-41EB-ACAF-462FA41BECDB}.Release|Any CPU.ActiveCfg = Release|Any CPU
		{749E43F4-C4C9-41EB-ACAF-462FA41BECDB}.Release|Any CPU.Build.0 = Release|Any CPU
		{749E43F4-C4C9-41EB-ACAF-462FA41BECDB}.Release|x64.ActiveCfg = Release|Any CPU
		{749E43F4-C4C9-41EB-ACAF-462FA41BECDB}.Release|x64.Build.0 = Release|Any CPU
		{749E43F4-C4C9-41EB-ACAF-462FA41BECDB}.Release|x86.ActiveCfg = Release|Any CPU
		{749E43F4-C4C9-41EB-ACAF-462FA41BECDB}.Release|x86.Build.0 = Release|Any CPU
		{D395E7A4-9707-46E4-B6EA-D6DDAFF95BA6}.Debug|Any CPU.ActiveCfg = Debug|Any CPU
		{D395E7A4-9707-46E4-B6EA-D6DDAFF95BA6}.Debug|Any CPU.Build.0 = Debug|Any CPU
		{D395E7A4-9707-46E4-B6EA-D6DDAFF95BA6}.Debug|x64.ActiveCfg = Debug|Any CPU
		{D395E7A4-9707-46E4-B6EA-D6DDAFF95BA6}.Debug|x64.Build.0 = Debug|Any CPU
		{D395E7A4-9707-46E4-B6EA-D6DDAFF95BA6}.Debug|x86.ActiveCfg = Debug|Any CPU
		{D395E7A4-9707-46E4-B6EA-D6DDAFF95BA6}.Debug|x86.Build.0 = Debug|Any CPU
		{D395E7A4-9707-46E4-B6EA-D6DDAFF95BA6}.Release|Any CPU.ActiveCfg = Release|Any CPU
		{D395E7A4-9707-46E4-B6EA-D6DDAFF95BA6}.Release|Any CPU.Build.0 = Release|Any CPU
		{D395E7A4-9707-46E4-B6EA-D6DDAFF95BA6}.Release|x64.ActiveCfg = Release|Any CPU
		{D395E7A4-9707-46E4-B6EA-D6DDAFF95BA6}.Release|x64.Build.0 = Release|Any CPU
		{D395E7A4-9707-46E4-B6EA-D6DDAFF95BA6}.Release|x86.ActiveCfg = Release|Any CPU
		{D395E7A4-9707-46E4-B6EA-D6DDAFF95BA6}.Release|x86.Build.0 = Release|Any CPU
		{B0AC36C1-24B6-4142-BB67-61E7CFCD0616}.Debug|Any CPU.ActiveCfg = Debug|Any CPU
		{B0AC36C1-24B6-4142-BB67-61E7CFCD0616}.Debug|Any CPU.Build.0 = Debug|Any CPU
		{B0AC36C1-24B6-4142-BB67-61E7CFCD0616}.Debug|x64.ActiveCfg = Debug|Any CPU
		{B0AC36C1-24B6-4142-BB67-61E7CFCD0616}.Debug|x64.Build.0 = Debug|Any CPU
		{B0AC36C1-24B6-4142-BB67-61E7CFCD0616}.Debug|x86.ActiveCfg = Debug|Any CPU
		{B0AC36C1-24B6-4142-BB67-61E7CFCD0616}.Debug|x86.Build.0 = Debug|Any CPU
		{B0AC36C1-24B6-4142-BB67-61E7CFCD0616}.Release|Any CPU.ActiveCfg = Release|Any CPU
		{B0AC36C1-24B6-4142-BB67-61E7CFCD0616}.Release|Any CPU.Build.0 = Release|Any CPU
		{B0AC36C1-24B6-4142-BB67-61E7CFCD0616}.Release|x64.ActiveCfg = Release|Any CPU
		{B0AC36C1-24B6-4142-BB67-61E7CFCD0616}.Release|x64.Build.0 = Release|Any CPU
		{B0AC36C1-24B6-4142-BB67-61E7CFCD0616}.Release|x86.ActiveCfg = Release|Any CPU
		{B0AC36C1-24B6-4142-BB67-61E7CFCD0616}.Release|x86.Build.0 = Release|Any CPU
		{1081B801-5A64-4D95-A732-F25BA8CB215B}.Debug|Any CPU.ActiveCfg = Debug|Any CPU
		{1081B801-5A64-4D95-A732-F25BA8CB215B}.Debug|Any CPU.Build.0 = Debug|Any CPU
		{1081B801-5A64-4D95-A732-F25BA8CB215B}.Debug|x64.ActiveCfg = Debug|Any CPU
		{1081B801-5A64-4D95-A732-F25BA8CB215B}.Debug|x64.Build.0 = Debug|Any CPU
		{1081B801-5A64-4D95-A732-F25BA8CB215B}.Debug|x86.ActiveCfg = Debug|Any CPU
		{1081B801-5A64-4D95-A732-F25BA8CB215B}.Debug|x86.Build.0 = Debug|Any CPU
		{1081B801-5A64-4D95-A732-F25BA8CB215B}.Release|Any CPU.ActiveCfg = Release|Any CPU
		{1081B801-5A64-4D95-A732-F25BA8CB215B}.Release|Any CPU.Build.0 = Release|Any CPU
		{1081B801-5A64-4D95-A732-F25BA8CB215B}.Release|x64.ActiveCfg = Release|Any CPU
		{1081B801-5A64-4D95-A732-F25BA8CB215B}.Release|x64.Build.0 = Release|Any CPU
		{1081B801-5A64-4D95-A732-F25BA8CB215B}.Release|x86.ActiveCfg = Release|Any CPU
		{1081B801-5A64-4D95-A732-F25BA8CB215B}.Release|x86.Build.0 = Release|Any CPU
		{7F23B255-608B-47B6-83ED-2519B0F971A5}.Debug|Any CPU.ActiveCfg = Debug|Any CPU
		{7F23B255-608B-47B6-83ED-2519B0F971A5}.Debug|Any CPU.Build.0 = Debug|Any CPU
		{7F23B255-608B-47B6-83ED-2519B0F971A5}.Debug|x64.ActiveCfg = Debug|Any CPU
		{7F23B255-608B-47B6-83ED-2519B0F971A5}.Debug|x64.Build.0 = Debug|Any CPU
		{7F23B255-608B-47B6-83ED-2519B0F971A5}.Debug|x86.ActiveCfg = Debug|Any CPU
		{7F23B255-608B-47B6-83ED-2519B0F971A5}.Debug|x86.Build.0 = Debug|Any CPU
		{7F23B255-608B-47B6-83ED-2519B0F971A5}.Release|Any CPU.ActiveCfg = Release|Any CPU
		{7F23B255-608B-47B6-83ED-2519B0F971A5}.Release|Any CPU.Build.0 = Release|Any CPU
		{7F23B255-608B-47B6-83ED-2519B0F971A5}.Release|x64.ActiveCfg = Release|Any CPU
		{7F23B255-608B-47B6-83ED-2519B0F971A5}.Release|x64.Build.0 = Release|Any CPU
		{7F23B255-608B-47B6-83ED-2519B0F971A5}.Release|x86.ActiveCfg = Release|Any CPU
		{7F23B255-608B-47B6-83ED-2519B0F971A5}.Release|x86.Build.0 = Release|Any CPU
		{91EE72A3-71F3-48DA-80FF-BEE67A130DF5}.Debug|Any CPU.ActiveCfg = Debug|Any CPU
		{91EE72A3-71F3-48DA-80FF-BEE67A130DF5}.Debug|Any CPU.Build.0 = Debug|Any CPU
		{91EE72A3-71F3-48DA-80FF-BEE67A130DF5}.Debug|x64.ActiveCfg = Debug|Any CPU
		{91EE72A3-71F3-48DA-80FF-BEE67A130DF5}.Debug|x64.Build.0 = Debug|Any CPU
		{91EE72A3-71F3-48DA-80FF-BEE67A130DF5}.Debug|x86.ActiveCfg = Debug|Any CPU
		{91EE72A3-71F3-48DA-80FF-BEE67A130DF5}.Debug|x86.Build.0 = Debug|Any CPU
		{91EE72A3-71F3-48DA-80FF-BEE67A130DF5}.Release|Any CPU.ActiveCfg = Release|Any CPU
		{91EE72A3-71F3-48DA-80FF-BEE67A130DF5}.Release|Any CPU.Build.0 = Release|Any CPU
		{91EE72A3-71F3-48DA-80FF-BEE67A130DF5}.Release|x64.ActiveCfg = Release|Any CPU
		{91EE72A3-71F3-48DA-80FF-BEE67A130DF5}.Release|x64.Build.0 = Release|Any CPU
		{91EE72A3-71F3-48DA-80FF-BEE67A130DF5}.Release|x86.ActiveCfg = Release|Any CPU
		{91EE72A3-71F3-48DA-80FF-BEE67A130DF5}.Release|x86.Build.0 = Release|Any CPU
		{1C0661A1-1254-4D82-967B-38D49CBDB64B}.Debug|Any CPU.ActiveCfg = Debug|Any CPU
		{1C0661A1-1254-4D82-967B-38D49CBDB64B}.Debug|Any CPU.Build.0 = Debug|Any CPU
		{1C0661A1-1254-4D82-967B-38D49CBDB64B}.Debug|x64.ActiveCfg = Debug|Any CPU
		{1C0661A1-1254-4D82-967B-38D49CBDB64B}.Debug|x64.Build.0 = Debug|Any CPU
		{1C0661A1-1254-4D82-967B-38D49CBDB64B}.Debug|x86.ActiveCfg = Debug|Any CPU
		{1C0661A1-1254-4D82-967B-38D49CBDB64B}.Debug|x86.Build.0 = Debug|Any CPU
		{1C0661A1-1254-4D82-967B-38D49CBDB64B}.Release|Any CPU.ActiveCfg = Release|Any CPU
		{1C0661A1-1254-4D82-967B-38D49CBDB64B}.Release|Any CPU.Build.0 = Release|Any CPU
		{1C0661A1-1254-4D82-967B-38D49CBDB64B}.Release|x64.ActiveCfg = Release|Any CPU
		{1C0661A1-1254-4D82-967B-38D49CBDB64B}.Release|x64.Build.0 = Release|Any CPU
		{1C0661A1-1254-4D82-967B-38D49CBDB64B}.Release|x86.ActiveCfg = Release|Any CPU
		{1C0661A1-1254-4D82-967B-38D49CBDB64B}.Release|x86.Build.0 = Release|Any CPU
		{D2E12CAD-1DD4-4DBF-A931-0D64AE2929DE}.Debug|Any CPU.ActiveCfg = Debug|Any CPU
		{D2E12CAD-1DD4-4DBF-A931-0D64AE2929DE}.Debug|Any CPU.Build.0 = Debug|Any CPU
		{D2E12CAD-1DD4-4DBF-A931-0D64AE2929DE}.Debug|x64.ActiveCfg = Debug|Any CPU
		{D2E12CAD-1DD4-4DBF-A931-0D64AE2929DE}.Debug|x64.Build.0 = Debug|Any CPU
		{D2E12CAD-1DD4-4DBF-A931-0D64AE2929DE}.Debug|x86.ActiveCfg = Debug|Any CPU
		{D2E12CAD-1DD4-4DBF-A931-0D64AE2929DE}.Debug|x86.Build.0 = Debug|Any CPU
		{D2E12CAD-1DD4-4DBF-A931-0D64AE2929DE}.Release|Any CPU.ActiveCfg = Release|Any CPU
		{D2E12CAD-1DD4-4DBF-A931-0D64AE2929DE}.Release|Any CPU.Build.0 = Release|Any CPU
		{D2E12CAD-1DD4-4DBF-A931-0D64AE2929DE}.Release|x64.ActiveCfg = Release|Any CPU
		{D2E12CAD-1DD4-4DBF-A931-0D64AE2929DE}.Release|x64.Build.0 = Release|Any CPU
		{D2E12CAD-1DD4-4DBF-A931-0D64AE2929DE}.Release|x86.ActiveCfg = Release|Any CPU
		{D2E12CAD-1DD4-4DBF-A931-0D64AE2929DE}.Release|x86.Build.0 = Release|Any CPU
		{3020DCDD-BEB6-463A-8517-5BFAC63CAAD4}.Debug|Any CPU.ActiveCfg = Debug|Any CPU
		{3020DCDD-BEB6-463A-8517-5BFAC63CAAD4}.Debug|Any CPU.Build.0 = Debug|Any CPU
		{3020DCDD-BEB6-463A-8517-5BFAC63CAAD4}.Debug|x64.ActiveCfg = Debug|Any CPU
		{3020DCDD-BEB6-463A-8517-5BFAC63CAAD4}.Debug|x64.Build.0 = Debug|Any CPU
		{3020DCDD-BEB6-463A-8517-5BFAC63CAAD4}.Debug|x86.ActiveCfg = Debug|Any CPU
		{3020DCDD-BEB6-463A-8517-5BFAC63CAAD4}.Debug|x86.Build.0 = Debug|Any CPU
		{3020DCDD-BEB6-463A-8517-5BFAC63CAAD4}.Release|Any CPU.ActiveCfg = Release|Any CPU
		{3020DCDD-BEB6-463A-8517-5BFAC63CAAD4}.Release|Any CPU.Build.0 = Release|Any CPU
		{3020DCDD-BEB6-463A-8517-5BFAC63CAAD4}.Release|x64.ActiveCfg = Release|Any CPU
		{3020DCDD-BEB6-463A-8517-5BFAC63CAAD4}.Release|x64.Build.0 = Release|Any CPU
		{3020DCDD-BEB6-463A-8517-5BFAC63CAAD4}.Release|x86.ActiveCfg = Release|Any CPU
		{3020DCDD-BEB6-463A-8517-5BFAC63CAAD4}.Release|x86.Build.0 = Release|Any CPU
		{165A013E-B047-4653-927C-9032D83408AA}.Debug|Any CPU.ActiveCfg = Debug|Any CPU
		{165A013E-B047-4653-927C-9032D83408AA}.Debug|Any CPU.Build.0 = Debug|Any CPU
		{165A013E-B047-4653-927C-9032D83408AA}.Debug|x64.ActiveCfg = Debug|Any CPU
		{165A013E-B047-4653-927C-9032D83408AA}.Debug|x64.Build.0 = Debug|Any CPU
		{165A013E-B047-4653-927C-9032D83408AA}.Debug|x86.ActiveCfg = Debug|Any CPU
		{165A013E-B047-4653-927C-9032D83408AA}.Debug|x86.Build.0 = Debug|Any CPU
		{165A013E-B047-4653-927C-9032D83408AA}.Release|Any CPU.ActiveCfg = Release|Any CPU
		{165A013E-B047-4653-927C-9032D83408AA}.Release|Any CPU.Build.0 = Release|Any CPU
		{165A013E-B047-4653-927C-9032D83408AA}.Release|x64.ActiveCfg = Release|Any CPU
		{165A013E-B047-4653-927C-9032D83408AA}.Release|x64.Build.0 = Release|Any CPU
		{165A013E-B047-4653-927C-9032D83408AA}.Release|x86.ActiveCfg = Release|Any CPU
		{165A013E-B047-4653-927C-9032D83408AA}.Release|x86.Build.0 = Release|Any CPU
		{BA569E38-6407-420B-B1AB-4C93E0A3FADD}.Debug|Any CPU.ActiveCfg = Debug|Any CPU
		{BA569E38-6407-420B-B1AB-4C93E0A3FADD}.Debug|Any CPU.Build.0 = Debug|Any CPU
		{BA569E38-6407-420B-B1AB-4C93E0A3FADD}.Debug|x64.ActiveCfg = Debug|Any CPU
		{BA569E38-6407-420B-B1AB-4C93E0A3FADD}.Debug|x64.Build.0 = Debug|Any CPU
		{BA569E38-6407-420B-B1AB-4C93E0A3FADD}.Debug|x86.ActiveCfg = Debug|Any CPU
		{BA569E38-6407-420B-B1AB-4C93E0A3FADD}.Debug|x86.Build.0 = Debug|Any CPU
		{BA569E38-6407-420B-B1AB-4C93E0A3FADD}.Release|Any CPU.ActiveCfg = Release|Any CPU
		{BA569E38-6407-420B-B1AB-4C93E0A3FADD}.Release|Any CPU.Build.0 = Release|Any CPU
		{BA569E38-6407-420B-B1AB-4C93E0A3FADD}.Release|x64.ActiveCfg = Release|Any CPU
		{BA569E38-6407-420B-B1AB-4C93E0A3FADD}.Release|x64.Build.0 = Release|Any CPU
		{BA569E38-6407-420B-B1AB-4C93E0A3FADD}.Release|x86.ActiveCfg = Release|Any CPU
		{BA569E38-6407-420B-B1AB-4C93E0A3FADD}.Release|x86.Build.0 = Release|Any CPU
		{084A6537-ABDC-48F9-B4F5-4CF01E9EE147}.Debug|Any CPU.ActiveCfg = Debug|Any CPU
		{084A6537-ABDC-48F9-B4F5-4CF01E9EE147}.Debug|Any CPU.Build.0 = Debug|Any CPU
		{084A6537-ABDC-48F9-B4F5-4CF01E9EE147}.Debug|x64.ActiveCfg = Debug|Any CPU
		{084A6537-ABDC-48F9-B4F5-4CF01E9EE147}.Debug|x64.Build.0 = Debug|Any CPU
		{084A6537-ABDC-48F9-B4F5-4CF01E9EE147}.Debug|x86.ActiveCfg = Debug|Any CPU
		{084A6537-ABDC-48F9-B4F5-4CF01E9EE147}.Debug|x86.Build.0 = Debug|Any CPU
		{084A6537-ABDC-48F9-B4F5-4CF01E9EE147}.Release|Any CPU.ActiveCfg = Release|Any CPU
		{084A6537-ABDC-48F9-B4F5-4CF01E9EE147}.Release|Any CPU.Build.0 = Release|Any CPU
		{084A6537-ABDC-48F9-B4F5-4CF01E9EE147}.Release|x64.ActiveCfg = Release|Any CPU
		{084A6537-ABDC-48F9-B4F5-4CF01E9EE147}.Release|x64.Build.0 = Release|Any CPU
		{084A6537-ABDC-48F9-B4F5-4CF01E9EE147}.Release|x86.ActiveCfg = Release|Any CPU
		{084A6537-ABDC-48F9-B4F5-4CF01E9EE147}.Release|x86.Build.0 = Release|Any CPU
		{8ABEBE97-3219-438F-8BFF-66B81542C6F3}.Debug|Any CPU.ActiveCfg = Debug|Any CPU
		{8ABEBE97-3219-438F-8BFF-66B81542C6F3}.Debug|Any CPU.Build.0 = Debug|Any CPU
		{8ABEBE97-3219-438F-8BFF-66B81542C6F3}.Debug|x64.ActiveCfg = Debug|Any CPU
		{8ABEBE97-3219-438F-8BFF-66B81542C6F3}.Debug|x64.Build.0 = Debug|Any CPU
		{8ABEBE97-3219-438F-8BFF-66B81542C6F3}.Debug|x86.ActiveCfg = Debug|Any CPU
		{8ABEBE97-3219-438F-8BFF-66B81542C6F3}.Debug|x86.Build.0 = Debug|Any CPU
		{8ABEBE97-3219-438F-8BFF-66B81542C6F3}.Release|Any CPU.ActiveCfg = Release|Any CPU
		{8ABEBE97-3219-438F-8BFF-66B81542C6F3}.Release|Any CPU.Build.0 = Release|Any CPU
		{8ABEBE97-3219-438F-8BFF-66B81542C6F3}.Release|x64.ActiveCfg = Release|Any CPU
		{8ABEBE97-3219-438F-8BFF-66B81542C6F3}.Release|x64.Build.0 = Release|Any CPU
		{8ABEBE97-3219-438F-8BFF-66B81542C6F3}.Release|x86.ActiveCfg = Release|Any CPU
		{8ABEBE97-3219-438F-8BFF-66B81542C6F3}.Release|x86.Build.0 = Release|Any CPU
		{BEB2E456-FA72-4264-A844-F2B9927BC770}.Debug|Any CPU.ActiveCfg = Debug|Any CPU
		{BEB2E456-FA72-4264-A844-F2B9927BC770}.Debug|Any CPU.Build.0 = Debug|Any CPU
		{BEB2E456-FA72-4264-A844-F2B9927BC770}.Debug|x64.ActiveCfg = Debug|Any CPU
		{BEB2E456-FA72-4264-A844-F2B9927BC770}.Debug|x64.Build.0 = Debug|Any CPU
		{BEB2E456-FA72-4264-A844-F2B9927BC770}.Debug|x86.ActiveCfg = Debug|Any CPU
		{BEB2E456-FA72-4264-A844-F2B9927BC770}.Debug|x86.Build.0 = Debug|Any CPU
		{BEB2E456-FA72-4264-A844-F2B9927BC770}.Release|Any CPU.ActiveCfg = Release|Any CPU
		{BEB2E456-FA72-4264-A844-F2B9927BC770}.Release|Any CPU.Build.0 = Release|Any CPU
		{BEB2E456-FA72-4264-A844-F2B9927BC770}.Release|x64.ActiveCfg = Release|Any CPU
		{BEB2E456-FA72-4264-A844-F2B9927BC770}.Release|x64.Build.0 = Release|Any CPU
		{BEB2E456-FA72-4264-A844-F2B9927BC770}.Release|x86.ActiveCfg = Release|Any CPU
		{BEB2E456-FA72-4264-A844-F2B9927BC770}.Release|x86.Build.0 = Release|Any CPU
		{7D4B70FF-B299-4BB4-A049-51F71AD47ED9}.Debug|Any CPU.ActiveCfg = Debug|Any CPU
		{7D4B70FF-B299-4BB4-A049-51F71AD47ED9}.Debug|Any CPU.Build.0 = Debug|Any CPU
		{7D4B70FF-B299-4BB4-A049-51F71AD47ED9}.Debug|x64.ActiveCfg = Debug|Any CPU
		{7D4B70FF-B299-4BB4-A049-51F71AD47ED9}.Debug|x64.Build.0 = Debug|Any CPU
		{7D4B70FF-B299-4BB4-A049-51F71AD47ED9}.Debug|x86.ActiveCfg = Debug|Any CPU
		{7D4B70FF-B299-4BB4-A049-51F71AD47ED9}.Debug|x86.Build.0 = Debug|Any CPU
		{7D4B70FF-B299-4BB4-A049-51F71AD47ED9}.Release|Any CPU.ActiveCfg = Release|Any CPU
		{7D4B70FF-B299-4BB4-A049-51F71AD47ED9}.Release|Any CPU.Build.0 = Release|Any CPU
		{7D4B70FF-B299-4BB4-A049-51F71AD47ED9}.Release|x64.ActiveCfg = Release|Any CPU
		{7D4B70FF-B299-4BB4-A049-51F71AD47ED9}.Release|x64.Build.0 = Release|Any CPU
		{7D4B70FF-B299-4BB4-A049-51F71AD47ED9}.Release|x86.ActiveCfg = Release|Any CPU
		{7D4B70FF-B299-4BB4-A049-51F71AD47ED9}.Release|x86.Build.0 = Release|Any CPU
		{A320A1CC-3295-4251-9289-573CC0D37E1B}.Debug|Any CPU.ActiveCfg = Debug|Any CPU
		{A320A1CC-3295-4251-9289-573CC0D37E1B}.Debug|Any CPU.Build.0 = Debug|Any CPU
		{A320A1CC-3295-4251-9289-573CC0D37E1B}.Debug|x64.ActiveCfg = Debug|Any CPU
		{A320A1CC-3295-4251-9289-573CC0D37E1B}.Debug|x64.Build.0 = Debug|Any CPU
		{A320A1CC-3295-4251-9289-573CC0D37E1B}.Debug|x86.ActiveCfg = Debug|Any CPU
		{A320A1CC-3295-4251-9289-573CC0D37E1B}.Debug|x86.Build.0 = Debug|Any CPU
		{A320A1CC-3295-4251-9289-573CC0D37E1B}.Release|Any CPU.ActiveCfg = Release|Any CPU
		{A320A1CC-3295-4251-9289-573CC0D37E1B}.Release|Any CPU.Build.0 = Release|Any CPU
		{A320A1CC-3295-4251-9289-573CC0D37E1B}.Release|x64.ActiveCfg = Release|Any CPU
		{A320A1CC-3295-4251-9289-573CC0D37E1B}.Release|x64.Build.0 = Release|Any CPU
		{A320A1CC-3295-4251-9289-573CC0D37E1B}.Release|x86.ActiveCfg = Release|Any CPU
		{A320A1CC-3295-4251-9289-573CC0D37E1B}.Release|x86.Build.0 = Release|Any CPU
		{7F1AF226-5E5C-47C3-9F88-DC4C5D1D4B60}.Debug|Any CPU.ActiveCfg = Debug|Any CPU
		{7F1AF226-5E5C-47C3-9F88-DC4C5D1D4B60}.Debug|Any CPU.Build.0 = Debug|Any CPU
		{7F1AF226-5E5C-47C3-9F88-DC4C5D1D4B60}.Debug|x64.ActiveCfg = Debug|Any CPU
		{7F1AF226-5E5C-47C3-9F88-DC4C5D1D4B60}.Debug|x64.Build.0 = Debug|Any CPU
		{7F1AF226-5E5C-47C3-9F88-DC4C5D1D4B60}.Debug|x86.ActiveCfg = Debug|Any CPU
		{7F1AF226-5E5C-47C3-9F88-DC4C5D1D4B60}.Debug|x86.Build.0 = Debug|Any CPU
		{7F1AF226-5E5C-47C3-9F88-DC4C5D1D4B60}.Release|Any CPU.ActiveCfg = Release|Any CPU
		{7F1AF226-5E5C-47C3-9F88-DC4C5D1D4B60}.Release|Any CPU.Build.0 = Release|Any CPU
		{7F1AF226-5E5C-47C3-9F88-DC4C5D1D4B60}.Release|x64.ActiveCfg = Release|Any CPU
		{7F1AF226-5E5C-47C3-9F88-DC4C5D1D4B60}.Release|x64.Build.0 = Release|Any CPU
		{7F1AF226-5E5C-47C3-9F88-DC4C5D1D4B60}.Release|x86.ActiveCfg = Release|Any CPU
		{7F1AF226-5E5C-47C3-9F88-DC4C5D1D4B60}.Release|x86.Build.0 = Release|Any CPU
	EndGlobalSection
	GlobalSection(SolutionProperties) = preSolution
		HideSolutionNode = FALSE
	EndGlobalSection
	GlobalSection(NestedProjects) = preSolution
		{90298CBA-BD6F-3A0A-69D5-97CAD7B05E7E} = {827E0CD3-B72D-47B6-A68D-7590B98EB39B}
		{4F015E76-E4AC-4924-AC66-64E766DEEB8D} = {90298CBA-BD6F-3A0A-69D5-97CAD7B05E7E}
		{917835C4-64DD-42BD-87AF-EC0C63FFA233} = {90298CBA-BD6F-3A0A-69D5-97CAD7B05E7E}
		{73567BB7-B994-4B7B-9F29-D6188CD79A71} = {90298CBA-BD6F-3A0A-69D5-97CAD7B05E7E}
		{65ABFB5D-2B10-DF64-BF12-C17976F8E5D9} = {827E0CD3-B72D-47B6-A68D-7590B98EB39B}
		{D74DA321-04CC-44DB-A378-323FAB62247A} = {65ABFB5D-2B10-DF64-BF12-C17976F8E5D9}
		{85475AEC-164C-4A74-B615-54528435DFC8} = {65ABFB5D-2B10-DF64-BF12-C17976F8E5D9}
		{33BE0545-91C6-4FC1-9970-27B16A0B88C0} = {65ABFB5D-2B10-DF64-BF12-C17976F8E5D9}
		{6AE3EF2E-BA4C-9BCC-9CE4-B5D2E0ECCE49} = {827E0CD3-B72D-47B6-A68D-7590B98EB39B}
		{B14B1FE0-1DB6-42F4-B101-9332C010BC81} = {6AE3EF2E-BA4C-9BCC-9CE4-B5D2E0ECCE49}
		{6217A216-BDF0-47C8-A42E-2AB0A750CEC3} = {6AE3EF2E-BA4C-9BCC-9CE4-B5D2E0ECCE49}
		{097FDE6B-013D-4B6E-870A-8845A816BC66} = {6AE3EF2E-BA4C-9BCC-9CE4-B5D2E0ECCE49}
		{EE8B2D90-EC7A-48E2-105A-D867B637D563} = {827E0CD3-B72D-47B6-A68D-7590B98EB39B}
		{FD37D50D-4C66-4067-9BEE-C8AE7C962AC5} = {EE8B2D90-EC7A-48E2-105A-D867B637D563}
		{00CAB354-9B92-4BDD-9696-3E79D81F5525} = {EE8B2D90-EC7A-48E2-105A-D867B637D563}
		{914594BA-43D1-4616-907E-8119A02BBC3E} = {EE8B2D90-EC7A-48E2-105A-D867B637D563}
		{9BA257B0-EFF7-2328-85A8-2BE071D74F32} = {827E0CD3-B72D-47B6-A68D-7590B98EB39B}
		{749E43F4-C4C9-41EB-ACAF-462FA41BECDB} = {9BA257B0-EFF7-2328-85A8-2BE071D74F32}
		{D395E7A4-9707-46E4-B6EA-D6DDAFF95BA6} = {9BA257B0-EFF7-2328-85A8-2BE071D74F32}
		{B0AC36C1-24B6-4142-BB67-61E7CFCD0616} = {9BA257B0-EFF7-2328-85A8-2BE071D74F32}
		{08D2AA2C-67C4-0E92-8C3F-1D6D7EC29C16} = {827E0CD3-B72D-47B6-A68D-7590B98EB39B}
		{1081B801-5A64-4D95-A732-F25BA8CB215B} = {08D2AA2C-67C4-0E92-8C3F-1D6D7EC29C16}
		{7F23B255-608B-47B6-83ED-2519B0F971A5} = {08D2AA2C-67C4-0E92-8C3F-1D6D7EC29C16}
		{91EE72A3-71F3-48DA-80FF-BEE67A130DF5} = {08D2AA2C-67C4-0E92-8C3F-1D6D7EC29C16}
		{64B36024-F4BD-5019-B428-84E6D35FDFCE} = {827E0CD3-B72D-47B6-A68D-7590B98EB39B}
		{1C0661A1-1254-4D82-967B-38D49CBDB64B} = {64B36024-F4BD-5019-B428-84E6D35FDFCE}
		{D2E12CAD-1DD4-4DBF-A931-0D64AE2929DE} = {64B36024-F4BD-5019-B428-84E6D35FDFCE}
		{3020DCDD-BEB6-463A-8517-5BFAC63CAAD4} = {64B36024-F4BD-5019-B428-84E6D35FDFCE}
		{BDB3C49B-C3C4-2D01-5C80-5982E11ACF2B} = {827E0CD3-B72D-47B6-A68D-7590B98EB39B}
		{165A013E-B047-4653-927C-9032D83408AA} = {BDB3C49B-C3C4-2D01-5C80-5982E11ACF2B}
		{BA569E38-6407-420B-B1AB-4C93E0A3FADD} = {BDB3C49B-C3C4-2D01-5C80-5982E11ACF2B}
		{8A7AE5EB-F441-8BF0-192B-8DD8284C2972} = {827E0CD3-B72D-47B6-A68D-7590B98EB39B}
		{084A6537-ABDC-48F9-B4F5-4CF01E9EE147} = {8A7AE5EB-F441-8BF0-192B-8DD8284C2972}
		{8ABEBE97-3219-438F-8BFF-66B81542C6F3} = {8A7AE5EB-F441-8BF0-192B-8DD8284C2972}
		{EB1DA848-CC3C-5765-C5A5-15FFE3AF33C8} = {827E0CD3-B72D-47B6-A68D-7590B98EB39B}
		{BEB2E456-FA72-4264-A844-F2B9927BC770} = {EB1DA848-CC3C-5765-C5A5-15FFE3AF33C8}
		{7D4B70FF-B299-4BB4-A049-51F71AD47ED9} = {EB1DA848-CC3C-5765-C5A5-15FFE3AF33C8}
		{A320A1CC-3295-4251-9289-573CC0D37E1B} = {EB1DA848-CC3C-5765-C5A5-15FFE3AF33C8}
		{81034408-37C8-1011-444E-4C15C2FADA8E} = {827E0CD3-B72D-47B6-A68D-7590B98EB39B}
		{7F1AF226-5E5C-47C3-9F88-DC4C5D1D4B60} = {81034408-37C8-1011-444E-4C15C2FADA8E}
	EndGlobalSection
EndGlobal
